// !$*UTF8*$!
{
	archiveVersion = 1;
	classes = {
	};
	objectVersion = 50;
	objects = {

/* Begin PBXBuildFile section */
		0315C2D4257A29E60091F0F4 /* AppDelegate.swift in Sources */ = {isa = PBXBuildFile; fileRef = 0315C2D3257A29E60091F0F4 /* AppDelegate.swift */; };
		0315C2D6257A29E60091F0F4 /* SceneDelegate.swift in Sources */ = {isa = PBXBuildFile; fileRef = 0315C2D5257A29E60091F0F4 /* SceneDelegate.swift */; };
		0315C2D8257A29E60091F0F4 /* ViewController.swift in Sources */ = {isa = PBXBuildFile; fileRef = 0315C2D7257A29E60091F0F4 /* ViewController.swift */; };
		0315C2DB257A29E60091F0F4 /* Main.storyboard in Resources */ = {isa = PBXBuildFile; fileRef = 0315C2D9257A29E60091F0F4 /* Main.storyboard */; };
		0315C2DD257A29EF0091F0F4 /* Assets.xcassets in Resources */ = {isa = PBXBuildFile; fileRef = 0315C2DC257A29EF0091F0F4 /* Assets.xcassets */; };
		0315C2E0257A29EF0091F0F4 /* LaunchScreen.storyboard in Resources */ = {isa = PBXBuildFile; fileRef = 0315C2DE257A29EF0091F0F4 /* LaunchScreen.storyboard */; };
		0315C2EB257A29F00091F0F4 /* ForecastTests.swift in Sources */ = {isa = PBXBuildFile; fileRef = 0315C2EA257A29F00091F0F4 /* ForecastTests.swift */; };
		0315C2F6257A29F00091F0F4 /* ForecastUITests.swift in Sources */ = {isa = PBXBuildFile; fileRef = 0315C2F5257A29F00091F0F4 /* ForecastUITests.swift */; };
/* End PBXBuildFile section */

/* Begin PBXContainerItemProxy section */
		0315C2E7257A29F00091F0F4 /* PBXContainerItemProxy */ = {
			isa = PBXContainerItemProxy;
			containerPortal = 0315C2C8257A29E60091F0F4 /* Project object */;
			proxyType = 1;
			remoteGlobalIDString = 0315C2CF257A29E60091F0F4;
			remoteInfo = Forecast;
		};
		0315C2F2257A29F00091F0F4 /* PBXContainerItemProxy */ = {
			isa = PBXContainerItemProxy;
			containerPortal = 0315C2C8257A29E60091F0F4 /* Project object */;
			proxyType = 1;
			remoteGlobalIDString = 0315C2CF257A29E60091F0F4;
			remoteInfo = Forecast;
		};
/* End PBXContainerItemProxy section */

/* Begin PBXFileReference section */
		0315C2D0257A29E60091F0F4 /* Forecast.app */ = {isa = PBXFileReference; explicitFileType = wrapper.application; includeInIndex = 0; path = Forecast.app; sourceTree = BUILT_PRODUCTS_DIR; };
		0315C2D3257A29E60091F0F4 /* AppDelegate.swift */ = {isa = PBXFileReference; lastKnownFileType = sourcecode.swift; path = AppDelegate.swift; sourceTree = "<group>"; };
		0315C2D5257A29E60091F0F4 /* SceneDelegate.swift */ = {isa = PBXFileReference; lastKnownFileType = sourcecode.swift; path = SceneDelegate.swift; sourceTree = "<group>"; };
		0315C2D7257A29E60091F0F4 /* ViewController.swift */ = {isa = PBXFileReference; lastKnownFileType = sourcecode.swift; path = ViewController.swift; sourceTree = "<group>"; };
		0315C2DA257A29E60091F0F4 /* Base */ = {isa = PBXFileReference; lastKnownFileType = file.storyboard; name = Base; path = Base.lproj/Main.storyboard; sourceTree = "<group>"; };
		0315C2DC257A29EF0091F0F4 /* Assets.xcassets */ = {isa = PBXFileReference; lastKnownFileType = folder.assetcatalog; path = Assets.xcassets; sourceTree = "<group>"; };
		0315C2DF257A29EF0091F0F4 /* Base */ = {isa = PBXFileReference; lastKnownFileType = file.storyboard; name = Base; path = Base.lproj/LaunchScreen.storyboard; sourceTree = "<group>"; };
		0315C2E1257A29EF0091F0F4 /* Info.plist */ = {isa = PBXFileReference; lastKnownFileType = text.plist.xml; path = Info.plist; sourceTree = "<group>"; };
		0315C2E6257A29F00091F0F4 /* ForecastTests.xctest */ = {isa = PBXFileReference; explicitFileType = wrapper.cfbundle; includeInIndex = 0; path = ForecastTests.xctest; sourceTree = BUILT_PRODUCTS_DIR; };
		0315C2EA257A29F00091F0F4 /* ForecastTests.swift */ = {isa = PBXFileReference; lastKnownFileType = sourcecode.swift; path = ForecastTests.swift; sourceTree = "<group>"; };
		0315C2EC257A29F00091F0F4 /* Info.plist */ = {isa = PBXFileReference; lastKnownFileType = text.plist.xml; path = Info.plist; sourceTree = "<group>"; };
		0315C2F1257A29F00091F0F4 /* ForecastUITests.xctest */ = {isa = PBXFileReference; explicitFileType = wrapper.cfbundle; includeInIndex = 0; path = ForecastUITests.xctest; sourceTree = BUILT_PRODUCTS_DIR; };
		0315C2F5257A29F00091F0F4 /* ForecastUITests.swift */ = {isa = PBXFileReference; lastKnownFileType = sourcecode.swift; path = ForecastUITests.swift; sourceTree = "<group>"; };
		0315C2F7257A29F00091F0F4 /* Info.plist */ = {isa = PBXFileReference; lastKnownFileType = text.plist.xml; path = Info.plist; sourceTree = "<group>"; };
/* End PBXFileReference section */

/* Begin PBXFrameworksBuildPhase section */
		0315C2CD257A29E60091F0F4 /* Frameworks */ = {
			isa = PBXFrameworksBuildPhase;
			buildActionMask = 2147483647;
			files = (
			);
			runOnlyForDeploymentPostprocessing = 0;
		};
		0315C2E3257A29F00091F0F4 /* Frameworks */ = {
			isa = PBXFrameworksBuildPhase;
			buildActionMask = 2147483647;
			files = (
			);
			runOnlyForDeploymentPostprocessing = 0;
		};
		0315C2EE257A29F00091F0F4 /* Frameworks */ = {
			isa = PBXFrameworksBuildPhase;
			buildActionMask = 2147483647;
			files = (
			);
			runOnlyForDeploymentPostprocessing = 0;
		};
/* End PBXFrameworksBuildPhase section */

/* Begin PBXGroup section */
		0315C2C7257A29E60091F0F4 = {
			isa = PBXGroup;
			children = (
				0315C2D2257A29E60091F0F4 /* Forecast */,
				0315C2E9257A29F00091F0F4 /* ForecastTests */,
				0315C2F4257A29F00091F0F4 /* ForecastUITests */,
				0315C2D1257A29E60091F0F4 /* Products */,
			);
			sourceTree = "<group>";
		};
		0315C2D1257A29E60091F0F4 /* Products */ = {
			isa = PBXGroup;
			children = (
				0315C2D0257A29E60091F0F4 /* Forecast.app */,
				0315C2E6257A29F00091F0F4 /* ForecastTests.xctest */,
				0315C2F1257A29F00091F0F4 /* ForecastUITests.xctest */,
			);
			name = Products;
			sourceTree = "<group>";
		};
		0315C2D2257A29E60091F0F4 /* Forecast */ = {
			isa = PBXGroup;
			children = (
				0315C2D3257A29E60091F0F4 /* AppDelegate.swift */,
				0315C2D5257A29E60091F0F4 /* SceneDelegate.swift */,
				0315C2D7257A29E60091F0F4 /* ViewController.swift */,
				0315C2D9257A29E60091F0F4 /* Main.storyboard */,
				0315C2DC257A29EF0091F0F4 /* Assets.xcassets */,
				0315C2DE257A29EF0091F0F4 /* LaunchScreen.storyboard */,
				0315C2E1257A29EF0091F0F4 /* Info.plist */,
			);
			path = Forecast;
			sourceTree = "<group>";
		};
		0315C2E9257A29F00091F0F4 /* ForecastTests */ = {
			isa = PBXGroup;
			children = (
				0315C2EA257A29F00091F0F4 /* ForecastTests.swift */,
				0315C2EC257A29F00091F0F4 /* Info.plist */,
			);
			path = ForecastTests;
			sourceTree = "<group>";
		};
		0315C2F4257A29F00091F0F4 /* ForecastUITests */ = {
			isa = PBXGroup;
			children = (
				0315C2F5257A29F00091F0F4 /* ForecastUITests.swift */,
				0315C2F7257A29F00091F0F4 /* Info.plist */,
			);
			path = ForecastUITests;
			sourceTree = "<group>";
		};
/* End PBXGroup section */

/* Begin PBXNativeTarget section */
		0315C2CF257A29E60091F0F4 /* Forecast */ = {
			isa = PBXNativeTarget;
			buildConfigurationList = 0315C2FA257A29F00091F0F4 /* Build configuration list for PBXNativeTarget "Forecast" */;
			buildPhases = (
				0315C2CC257A29E60091F0F4 /* Sources */,
				0315C2CD257A29E60091F0F4 /* Frameworks */,
				0315C2CE257A29E60091F0F4 /* Resources */,
			);
			buildRules = (
			);
			dependencies = (
			);
			name = Forecast;
			productName = Forecast;
			productReference = 0315C2D0257A29E60091F0F4 /* Forecast.app */;
			productType = "com.apple.product-type.application";
		};
		0315C2E5257A29F00091F0F4 /* ForecastTests */ = {
			isa = PBXNativeTarget;
			buildConfigurationList = 0315C2FD257A29F00091F0F4 /* Build configuration list for PBXNativeTarget "ForecastTests" */;
			buildPhases = (
				0315C2E2257A29F00091F0F4 /* Sources */,
				0315C2E3257A29F00091F0F4 /* Frameworks */,
				0315C2E4257A29F00091F0F4 /* Resources */,
			);
			buildRules = (
			);
			dependencies = (
				0315C2E8257A29F00091F0F4 /* PBXTargetDependency */,
			);
			name = ForecastTests;
			productName = ForecastTests;
			productReference = 0315C2E6257A29F00091F0F4 /* ForecastTests.xctest */;
			productType = "com.apple.product-type.bundle.unit-test";
		};
		0315C2F0257A29F00091F0F4 /* ForecastUITests */ = {
			isa = PBXNativeTarget;
			buildConfigurationList = 0315C300257A29F00091F0F4 /* Build configuration list for PBXNativeTarget "ForecastUITests" */;
			buildPhases = (
				0315C2ED257A29F00091F0F4 /* Sources */,
				0315C2EE257A29F00091F0F4 /* Frameworks */,
				0315C2EF257A29F00091F0F4 /* Resources */,
			);
			buildRules = (
			);
			dependencies = (
				0315C2F3257A29F00091F0F4 /* PBXTargetDependency */,
			);
			name = ForecastUITests;
			productName = ForecastUITests;
			productReference = 0315C2F1257A29F00091F0F4 /* ForecastUITests.xctest */;
			productType = "com.apple.product-type.bundle.ui-testing";
		};
/* End PBXNativeTarget section */

/* Begin PBXProject section */
		0315C2C8257A29E60091F0F4 /* Project object */ = {
			isa = PBXProject;
			attributes = {
				LastSwiftUpdateCheck = 1210;
				LastUpgradeCheck = 1210;
				TargetAttributes = {
					0315C2CF257A29E60091F0F4 = {
						CreatedOnToolsVersion = 12.1;
					};
					0315C2E5257A29F00091F0F4 = {
						CreatedOnToolsVersion = 12.1;
						TestTargetID = 0315C2CF257A29E60091F0F4;
					};
					0315C2F0257A29F00091F0F4 = {
						CreatedOnToolsVersion = 12.1;
						TestTargetID = 0315C2CF257A29E60091F0F4;
					};
				};
			};
			buildConfigurationList = 0315C2CB257A29E60091F0F4 /* Build configuration list for PBXProject "Forecast" */;
			compatibilityVersion = "Xcode 9.3";
			developmentRegion = en;
			hasScannedForEncodings = 0;
			knownRegions = (
				en,
				Base,
			);
			mainGroup = 0315C2C7257A29E60091F0F4;
			productRefGroup = 0315C2D1257A29E60091F0F4 /* Products */;
			projectDirPath = "";
			projectRoot = "";
			targets = (
				0315C2CF257A29E60091F0F4 /* Forecast */,
				0315C2E5257A29F00091F0F4 /* ForecastTests */,
				0315C2F0257A29F00091F0F4 /* ForecastUITests */,
			);
		};
/* End PBXProject section */

/* Begin PBXResourcesBuildPhase section */
		0315C2CE257A29E60091F0F4 /* Resources */ = {
			isa = PBXResourcesBuildPhase;
			buildActionMask = 2147483647;
			files = (
				0315C2E0257A29EF0091F0F4 /* LaunchScreen.storyboard in Resources */,
				0315C2DD257A29EF0091F0F4 /* Assets.xcassets in Resources */,
				0315C2DB257A29E60091F0F4 /* Main.storyboard in Resources */,
			);
			runOnlyForDeploymentPostprocessing = 0;
		};
		0315C2E4257A29F00091F0F4 /* Resources */ = {
			isa = PBXResourcesBuildPhase;
			buildActionMask = 2147483647;
			files = (
			);
			runOnlyForDeploymentPostprocessing = 0;
		};
		0315C2EF257A29F00091F0F4 /* Resources */ = {
			isa = PBXResourcesBuildPhase;
			buildActionMask = 2147483647;
			files = (
			);
			runOnlyForDeploymentPostprocessing = 0;
		};
/* End PBXResourcesBuildPhase section */

/* Begin PBXSourcesBuildPhase section */
		0315C2CC257A29E60091F0F4 /* Sources */ = {
			isa = PBXSourcesBuildPhase;
			buildActionMask = 2147483647;
			files = (
				0315C2D8257A29E60091F0F4 /* ViewController.swift in Sources */,
				0315C2D4257A29E60091F0F4 /* AppDelegate.swift in Sources */,
				0315C2D6257A29E60091F0F4 /* SceneDelegate.swift in Sources */,
			);
			runOnlyForDeploymentPostprocessing = 0;
		};
		0315C2E2257A29F00091F0F4 /* Sources */ = {
			isa = PBXSourcesBuildPhase;
			buildActionMask = 2147483647;
			files = (
				0315C2EB257A29F00091F0F4 /* ForecastTests.swift in Sources */,
			);
			runOnlyForDeploymentPostprocessing = 0;
		};
		0315C2ED257A29F00091F0F4 /* Sources */ = {
			isa = PBXSourcesBuildPhase;
			buildActionMask = 2147483647;
			files = (
				0315C2F6257A29F00091F0F4 /* ForecastUITests.swift in Sources */,
			);
			runOnlyForDeploymentPostprocessing = 0;
		};
/* End PBXSourcesBuildPhase section */

/* Begin PBXTargetDependency section */
		0315C2E8257A29F00091F0F4 /* PBXTargetDependency */ = {
			isa = PBXTargetDependency;
			target = 0315C2CF257A29E60091F0F4 /* Forecast */;
			targetProxy = 0315C2E7257A29F00091F0F4 /* PBXContainerItemProxy */;
		};
		0315C2F3257A29F00091F0F4 /* PBXTargetDependency */ = {
			isa = PBXTargetDependency;
			target = 0315C2CF257A29E60091F0F4 /* Forecast */;
			targetProxy = 0315C2F2257A29F00091F0F4 /* PBXContainerItemProxy */;
		};
/* End PBXTargetDependency section */

/* Begin PBXVariantGroup section */
		0315C2D9257A29E60091F0F4 /* Main.storyboard */ = {
			isa = PBXVariantGroup;
			children = (
				0315C2DA257A29E60091F0F4 /* Base */,
			);
			name = Main.storyboard;
			sourceTree = "<group>";
		};
		0315C2DE257A29EF0091F0F4 /* LaunchScreen.storyboard */ = {
			isa = PBXVariantGroup;
			children = (
				0315C2DF257A29EF0091F0F4 /* Base */,
			);
			name = LaunchScreen.storyboard;
			sourceTree = "<group>";
		};
/* End PBXVariantGroup section */

/* Begin XCBuildConfiguration section */
		0315C2F8257A29F00091F0F4 /* Debug */ = {
			isa = XCBuildConfiguration;
			buildSettings = {
				ALWAYS_SEARCH_USER_PATHS = NO;
				CLANG_ANALYZER_NONNULL = YES;
				CLANG_ANALYZER_NUMBER_OBJECT_CONVERSION = YES_AGGRESSIVE;
				CLANG_CXX_LANGUAGE_STANDARD = "gnu++14";
				CLANG_CXX_LIBRARY = "libc++";
				CLANG_ENABLE_MODULES = YES;
				CLANG_ENABLE_OBJC_ARC = YES;
				CLANG_ENABLE_OBJC_WEAK = YES;
				CLANG_WARN_BLOCK_CAPTURE_AUTORELEASING = YES;
				CLANG_WARN_BOOL_CONVERSION = YES;
				CLANG_WARN_COMMA = YES;
				CLANG_WARN_CONSTANT_CONVERSION = YES;
				CLANG_WARN_DEPRECATED_OBJC_IMPLEMENTATIONS = YES;
				CLANG_WARN_DIRECT_OBJC_ISA_USAGE = YES_ERROR;
				CLANG_WARN_DOCUMENTATION_COMMENTS = YES;
				CLANG_WARN_EMPTY_BODY = YES;
				CLANG_WARN_ENUM_CONVERSION = YES;
				CLANG_WARN_INFINITE_RECURSION = YES;
				CLANG_WARN_INT_CONVERSION = YES;
				CLANG_WARN_NON_LITERAL_NULL_CONVERSION = YES;
				CLANG_WARN_OBJC_IMPLICIT_RETAIN_SELF = YES;
				CLANG_WARN_OBJC_LITERAL_CONVERSION = YES;
				CLANG_WARN_OBJC_ROOT_CLASS = YES_ERROR;
				CLANG_WARN_QUOTED_INCLUDE_IN_FRAMEWORK_HEADER = YES;
				CLANG_WARN_RANGE_LOOP_ANALYSIS = YES;
				CLANG_WARN_STRICT_PROTOTYPES = YES;
				CLANG_WARN_SUSPICIOUS_MOVE = YES;
				CLANG_WARN_UNGUARDED_AVAILABILITY = YES_AGGRESSIVE;
				CLANG_WARN_UNREACHABLE_CODE = YES;
				CLANG_WARN__DUPLICATE_METHOD_MATCH = YES;
				COPY_PHASE_STRIP = NO;
				DEBUG_INFORMATION_FORMAT = dwarf;
				ENABLE_STRICT_OBJC_MSGSEND = YES;
				ENABLE_TESTABILITY = YES;
				GCC_C_LANGUAGE_STANDARD = gnu11;
				GCC_DYNAMIC_NO_PIC = NO;
				GCC_NO_COMMON_BLOCKS = YES;
				GCC_OPTIMIZATION_LEVEL = 0;
				GCC_PREPROCESSOR_DEFINITIONS = (
					"DEBUG=1",
					"$(inherited)",
				);
				GCC_WARN_64_TO_32_BIT_CONVERSION = YES;
				GCC_WARN_ABOUT_RETURN_TYPE = YES_ERROR;
				GCC_WARN_UNDECLARED_SELECTOR = YES;
				GCC_WARN_UNINITIALIZED_AUTOS = YES_AGGRESSIVE;
				GCC_WARN_UNUSED_FUNCTION = YES;
				GCC_WARN_UNUSED_VARIABLE = YES;
				IPHONEOS_DEPLOYMENT_TARGET = 14.1;
				MTL_ENABLE_DEBUG_INFO = INCLUDE_SOURCE;
				MTL_FAST_MATH = YES;
				ONLY_ACTIVE_ARCH = YES;
				SDKROOT = iphoneos;
				SWIFT_ACTIVE_COMPILATION_CONDITIONS = DEBUG;
				SWIFT_OPTIMIZATION_LEVEL = "-Onone";
			};
			name = Debug;
		};
		0315C2F9257A29F00091F0F4 /* Release */ = {
			isa = XCBuildConfiguration;
			buildSettings = {
				ALWAYS_SEARCH_USER_PATHS = NO;
				CLANG_ANALYZER_NONNULL = YES;
				CLANG_ANALYZER_NUMBER_OBJECT_CONVERSION = YES_AGGRESSIVE;
				CLANG_CXX_LANGUAGE_STANDARD = "gnu++14";
				CLANG_CXX_LIBRARY = "libc++";
				CLANG_ENABLE_MODULES = YES;
				CLANG_ENABLE_OBJC_ARC = YES;
				CLANG_ENABLE_OBJC_WEAK = YES;
				CLANG_WARN_BLOCK_CAPTURE_AUTORELEASING = YES;
				CLANG_WARN_BOOL_CONVERSION = YES;
				CLANG_WARN_COMMA = YES;
				CLANG_WARN_CONSTANT_CONVERSION = YES;
				CLANG_WARN_DEPRECATED_OBJC_IMPLEMENTATIONS = YES;
				CLANG_WARN_DIRECT_OBJC_ISA_USAGE = YES_ERROR;
				CLANG_WARN_DOCUMENTATION_COMMENTS = YES;
				CLANG_WARN_EMPTY_BODY = YES;
				CLANG_WARN_ENUM_CONVERSION = YES;
				CLANG_WARN_INFINITE_RECURSION = YES;
				CLANG_WARN_INT_CONVERSION = YES;
				CLANG_WARN_NON_LITERAL_NULL_CONVERSION = YES;
				CLANG_WARN_OBJC_IMPLICIT_RETAIN_SELF = YES;
				CLANG_WARN_OBJC_LITERAL_CONVERSION = YES;
				CLANG_WARN_OBJC_ROOT_CLASS = YES_ERROR;
				CLANG_WARN_QUOTED_INCLUDE_IN_FRAMEWORK_HEADER = YES;
				CLANG_WARN_RANGE_LOOP_ANALYSIS = YES;
				CLANG_WARN_STRICT_PROTOTYPES = YES;
				CLANG_WARN_SUSPICIOUS_MOVE = YES;
				CLANG_WARN_UNGUARDED_AVAILABILITY = YES_AGGRESSIVE;
				CLANG_WARN_UNREACHABLE_CODE = YES;
				CLANG_WARN__DUPLICATE_METHOD_MATCH = YES;
				COPY_PHASE_STRIP = NO;
				DEBUG_INFORMATION_FORMAT = "dwarf-with-dsym";
				ENABLE_NS_ASSERTIONS = NO;
				ENABLE_STRICT_OBJC_MSGSEND = YES;
				GCC_C_LANGUAGE_STANDARD = gnu11;
				GCC_NO_COMMON_BLOCKS = YES;
				GCC_WARN_64_TO_32_BIT_CONVERSION = YES;
				GCC_WARN_ABOUT_RETURN_TYPE = YES_ERROR;
				GCC_WARN_UNDECLARED_SELECTOR = YES;
				GCC_WARN_UNINITIALIZED_AUTOS = YES_AGGRESSIVE;
				GCC_WARN_UNUSED_FUNCTION = YES;
				GCC_WARN_UNUSED_VARIABLE = YES;
				IPHONEOS_DEPLOYMENT_TARGET = 14.1;
				MTL_ENABLE_DEBUG_INFO = NO;
				MTL_FAST_MATH = YES;
				SDKROOT = iphoneos;
				SWIFT_COMPILATION_MODE = wholemodule;
				SWIFT_OPTIMIZATION_LEVEL = "-O";
				VALIDATE_PRODUCT = YES;
			};
			name = Release;
		};
		0315C2FB257A29F00091F0F4 /* Debug */ = {
			isa = XCBuildConfiguration;
			buildSettings = {
				ASSETCATALOG_COMPILER_APPICON_NAME = AppIcon;
				ASSETCATALOG_COMPILER_GLOBAL_ACCENT_COLOR_NAME = AccentColor;
				CODE_SIGN_STYLE = Automatic;
				DEVELOPMENT_TEAM = 3TW4UYB27B;
				INFOPLIST_FILE = Forecast/Info.plist;
				LD_RUNPATH_SEARCH_PATHS = (
					"$(inherited)",
					"@executable_path/Frameworks",
				);
				PRODUCT_BUNDLE_IDENTIFIER = com.pouriaalmassi.Forecast;
				PRODUCT_NAME = "$(TARGET_NAME)";
				SWIFT_VERSION = 5.0;
				TARGETED_DEVICE_FAMILY = "1,2";
			};
			name = Debug;
		};
		0315C2FC257A29F00091F0F4 /* Release */ = {
			isa = XCBuildConfiguration;
			buildSettings = {
				ASSETCATALOG_COMPILER_APPICON_NAME = AppIcon;
				ASSETCATALOG_COMPILER_GLOBAL_ACCENT_COLOR_NAME = AccentColor;
				CODE_SIGN_STYLE = Automatic;
				DEVELOPMENT_TEAM = 3TW4UYB27B;
				INFOPLIST_FILE = Forecast/Info.plist;
				LD_RUNPATH_SEARCH_PATHS = (
					"$(inherited)",
					"@executable_path/Frameworks",
				);
				PRODUCT_BUNDLE_IDENTIFIER = com.pouriaalmassi.Forecast;
				PRODUCT_NAME = "$(TARGET_NAME)";
				SWIFT_VERSION = 5.0;
				TARGETED_DEVICE_FAMILY = "1,2";
			};
			name = Release;
		};
		0315C2FE257A29F00091F0F4 /* Debug */ = {
			isa = XCBuildConfiguration;
			buildSettings = {
				ALWAYS_EMBED_SWIFT_STANDARD_LIBRARIES = YES;
				BUNDLE_LOADER = "$(TEST_HOST)";
				CODE_SIGN_STYLE = Automatic;
				DEVELOPMENT_TEAM = 3TW4UYB27B;
				INFOPLIST_FILE = ForecastTests/Info.plist;
				IPHONEOS_DEPLOYMENT_TARGET = 14.1;
				LD_RUNPATH_SEARCH_PATHS = (
					"$(inherited)",
					"@executable_path/Frameworks",
					"@loader_path/Frameworks",
				);
				PRODUCT_BUNDLE_IDENTIFIER = com.pouriaalmassi.ForecastTests;
				PRODUCT_NAME = "$(TARGET_NAME)";
				SWIFT_VERSION = 5.0;
				TARGETED_DEVICE_FAMILY = "1,2";
				TEST_HOST = "$(BUILT_PRODUCTS_DIR)/Forecast.app/Forecast";
			};
			name = Debug;
		};
		0315C2FF257A29F00091F0F4 /* Release */ = {
			isa = XCBuildConfiguration;
			buildSettings = {
				ALWAYS_EMBED_SWIFT_STANDARD_LIBRARIES = YES;
				BUNDLE_LOADER = "$(TEST_HOST)";
				CODE_SIGN_STYLE = Automatic;
				DEVELOPMENT_TEAM = 3TW4UYB27B;
				INFOPLIST_FILE = ForecastTests/Info.plist;
				IPHONEOS_DEPLOYMENT_TARGET = 14.1;
				LD_RUNPATH_SEARCH_PATHS = (
					"$(inherited)",
					"@executable_path/Frameworks",
					"@loader_path/Frameworks",
				);
				PRODUCT_BUNDLE_IDENTIFIER = com.pouriaalmassi.ForecastTests;
				PRODUCT_NAME = "$(TARGET_NAME)";
				SWIFT_VERSION = 5.0;
				TARGETED_DEVICE_FAMILY = "1,2";
				TEST_HOST = "$(BUILT_PRODUCTS_DIR)/Forecast.app/Forecast";
			};
			name = Release;
		};
		0315C301257A29F00091F0F4 /* Debug */ = {
			isa = XCBuildConfiguration;
			buildSettings = {
				ALWAYS_EMBED_SWIFT_STANDARD_LIBRARIES = YES;
				CODE_SIGN_STYLE = Automatic;
				DEVELOPMENT_TEAM = 3TW4UYB27B;
				INFOPLIST_FILE = ForecastUITests/Info.plist;
				LD_RUNPATH_SEARCH_PATHS = (
					"$(inherited)",
					"@executable_path/Frameworks",
					"@loader_path/Frameworks",
				);
				PRODUCT_BUNDLE_IDENTIFIER = com.pouriaalmassi.ForecastUITests;
				PRODUCT_NAME = "$(TARGET_NAME)";
				SWIFT_VERSION = 5.0;
				TARGETED_DEVICE_FAMILY = "1,2";
				TEST_TARGET_NAME = Forecast;
			};
			name = Debug;
		};
		0315C302257A29F00091F0F4 /* Release */ = {
			isa = XCBuildConfiguration;
			buildSettings = {
				ALWAYS_EMBED_SWIFT_STANDARD_LIBRARIES = YES;
				CODE_SIGN_STYLE = Automatic;
				DEVELOPMENT_TEAM = 3TW4UYB27B;
				INFOPLIST_FILE = ForecastUITests/Info.plist;
				LD_RUNPATH_SEARCH_PATHS = (
					"$(inherited)",
					"@executable_path/Frameworks",
					"@loader_path/Frameworks",
				);
				PRODUCT_BUNDLE_IDENTIFIER = com.pouriaalmassi.ForecastUITests;
				PRODUCT_NAME = "$(TARGET_NAME)";
				SWIFT_VERSION = 5.0;
				TARGETED_DEVICE_FAMILY = "1,2";
				TEST_TARGET_NAME = Forecast;
			};
			name = Release;
		};
/* End XCBuildConfiguration section */

/* Begin XCConfigurationList section */
		0315C2CB257A29E60091F0F4 /* Build configuration list for PBXProject "Forecast" */ = {
			isa = XCConfigurationList;
			buildConfigurations = (
				0315C2F8257A29F00091F0F4 /* Debug */,
				0315C2F9257A29F00091F0F4 /* Release */,
			);
			defaultConfigurationIsVisible = 0;
			defaultConfigurationName = Release;
		};
		0315C2FA257A29F00091F0F4 /* Build configuration list for PBXNativeTarget "Forecast" */ = {
			isa = XCConfigurationList;
			buildConfigurations = (
				0315C2FB257A29F00091F0F4 /* Debug */,
				0315C2FC257A29F00091F0F4 /* Release */,
			);
			defaultConfigurationIsVisible = 0;
			defaultConfigurationName = Release;
		};
		0315C2FD257A29F00091F0F4 /* Build configuration list for PBXNativeTarget "ForecastTests" */ = {
			isa = XCConfigurationList;
			buildConfigurations = (
				0315C2FE257A29F00091F0F4 /* Debug */,
				0315C2FF257A29F00091F0F4 /* Release */,
			);
			defaultConfigurationIsVisible = 0;
			defaultConfigurationName = Release;
		};
		0315C300257A29F00091F0F4 /* Build configuration list for PBXNativeTarget "ForecastUITests" */ = {
			isa = XCConfigurationList;
			buildConfigurations = (
				0315C301257A29F00091F0F4 /* Debug */,
				0315C302257A29F00091F0F4 /* Release */,
			);
			defaultConfigurationIsVisible = 0;
			defaultConfigurationName = Release;
		};
/* End XCConfigurationList section */
	};
	rootObject = 0315C2C8257A29E60091F0F4 /* Project object */;
}
